
Microsoft Visual Studio Solution File, Format Version 12.00
# Visual Studio 15
VisualStudioVersion = 15.0.27130.0
MinimumVisualStudioVersion = 10.0.40219.1
Project("{FAE04EC0-301F-11D3-BF4B-00C04F79EFBC}") = "Four.Gravity", "Four.Gravity\Four.Gravity.csproj", "{9210BE84-C39D-4B45-B576-16066034B936}"
EndProject
Project("{9A19103F-16F7-4668-BE54-9A1E7A4F7556}") = "MathNet.GeometricAlgebra.UnitTests", "MathNet.GeometricAlgebra.UnitTests\MathNet.GeometricAlgebra.UnitTests.csproj", "{4F1B8CD7-5D68-4629-8066-0690B1BB52CC}"
EndProject
Project("{9A19103F-16F7-4668-BE54-9A1E7A4F7556}") = "MathNet.GeometricAlgebra", "MathNet.GeometricAlgebra\MathNet.GeometricAlgebra.csproj", "{214BC44D-F8F0-4D90-A834-A443CE72DA53}"
EndProject
Project("{FAE04EC0-301F-11D3-BF4B-00C04F79EFBC}") = "PerformanceTesting", "PerformanceTesting\PerformanceTesting.csproj", "{E508F781-EEAC-4D1D-AAB6-07432C5ECF9A}"
EndProject
Project("{9A19103F-16F7-4668-BE54-9A1E7A4F7556}") = "GenericArithmetics", "GenericArithmetics\GenericArithmetics.csproj", "{6336FA4B-1E6C-42B7-93FD-7606D91A59B4}"
EndProject
Global
	GlobalSection(SolutionConfigurationPlatforms) = preSolution
		Debug|Any CPU = Debug|Any CPU
		Debug|ARM = Debug|ARM
		Debug|x64 = Debug|x64
		Debug|x86 = Debug|x86
		PerformanceTesting|Any CPU = PerformanceTesting|Any CPU
		PerformanceTesting|ARM = PerformanceTesting|ARM
		PerformanceTesting|x64 = PerformanceTesting|x64
		PerformanceTesting|x86 = PerformanceTesting|x86
		Release|Any CPU = Release|Any CPU
		Release|ARM = Release|ARM
		Release|x64 = Release|x64
		Release|x86 = Release|x86
	EndGlobalSection
	GlobalSection(ProjectConfigurationPlatforms) = postSolution
		{9210BE84-C39D-4B45-B576-16066034B936}.Debug|Any CPU.ActiveCfg = Debug|Any CPU
		{9210BE84-C39D-4B45-B576-16066034B936}.Debug|Any CPU.Build.0 = Debug|Any CPU
		{9210BE84-C39D-4B45-B576-16066034B936}.Debug|Any CPU.Deploy.0 = Debug|Any CPU
		{9210BE84-C39D-4B45-B576-16066034B936}.Debug|ARM.ActiveCfg = Debug|ARM
		{9210BE84-C39D-4B45-B576-16066034B936}.Debug|ARM.Build.0 = Debug|ARM
		{9210BE84-C39D-4B45-B576-16066034B936}.Debug|ARM.Deploy.0 = Debug|ARM
		{9210BE84-C39D-4B45-B576-16066034B936}.Debug|x64.ActiveCfg = Debug|x64
		{9210BE84-C39D-4B45-B576-16066034B936}.Debug|x64.Build.0 = Debug|x64
		{9210BE84-C39D-4B45-B576-16066034B936}.Debug|x64.Deploy.0 = Debug|x64
		{9210BE84-C39D-4B45-B576-16066034B936}.Debug|x86.ActiveCfg = Debug|x86
		{9210BE84-C39D-4B45-B576-16066034B936}.Debug|x86.Build.0 = Debug|x86
		{9210BE84-C39D-4B45-B576-16066034B936}.Debug|x86.Deploy.0 = Debug|x86
		{9210BE84-C39D-4B45-B576-16066034B936}.PerformanceTesting|Any CPU.ActiveCfg = PerformanceTesting|Any CPU
		{9210BE84-C39D-4B45-B576-16066034B936}.PerformanceTesting|Any CPU.Build.0 = PerformanceTesting|Any CPU
		{9210BE84-C39D-4B45-B576-16066034B936}.PerformanceTesting|Any CPU.Deploy.0 = PerformanceTesting|Any CPU
		{9210BE84-C39D-4B45-B576-16066034B936}.PerformanceTesting|ARM.ActiveCfg = PerformanceTesting|ARM
		{9210BE84-C39D-4B45-B576-16066034B936}.PerformanceTesting|ARM.Build.0 = PerformanceTesting|ARM
		{9210BE84-C39D-4B45-B576-16066034B936}.PerformanceTesting|ARM.Deploy.0 = PerformanceTesting|ARM
		{9210BE84-C39D-4B45-B576-16066034B936}.PerformanceTesting|x64.ActiveCfg = PerformanceTesting|x64
		{9210BE84-C39D-4B45-B576-16066034B936}.PerformanceTesting|x86.ActiveCfg = PerformanceTesting|x86
		{9210BE84-C39D-4B45-B576-16066034B936}.PerformanceTesting|x86.Build.0 = PerformanceTesting|x86
		{9210BE84-C39D-4B45-B576-16066034B936}.PerformanceTesting|x86.Deploy.0 = PerformanceTesting|x86
		{9210BE84-C39D-4B45-B576-16066034B936}.Release|Any CPU.ActiveCfg = Release|Any CPU
		{9210BE84-C39D-4B45-B576-16066034B936}.Release|Any CPU.Build.0 = Release|Any CPU
		{9210BE84-C39D-4B45-B576-16066034B936}.Release|Any CPU.Deploy.0 = Release|Any CPU
		{9210BE84-C39D-4B45-B576-16066034B936}.Release|ARM.ActiveCfg = Release|ARM
		{9210BE84-C39D-4B45-B576-16066034B936}.Release|ARM.Build.0 = Release|ARM
		{9210BE84-C39D-4B45-B576-16066034B936}.Release|ARM.Deploy.0 = Release|ARM
		{9210BE84-C39D-4B45-B576-16066034B936}.Release|x64.ActiveCfg = Release|x64
		{9210BE84-C39D-4B45-B576-16066034B936}.Release|x64.Build.0 = Release|x64
		{9210BE84-C39D-4B45-B576-16066034B936}.Release|x64.Deploy.0 = Release|x64
		{9210BE84-C39D-4B45-B576-16066034B936}.Release|x86.ActiveCfg = Release|x86
		{9210BE84-C39D-4B45-B576-16066034B936}.Release|x86.Build.0 = Release|x86
		{9210BE84-C39D-4B45-B576-16066034B936}.Release|x86.Deploy.0 = Release|x86
		{4F1B8CD7-5D68-4629-8066-0690B1BB52CC}.Debug|Any CPU.ActiveCfg = Debug|Any CPU
		{4F1B8CD7-5D68-4629-8066-0690B1BB52CC}.Debug|Any CPU.Build.0 = Debug|Any CPU
		{4F1B8CD7-5D68-4629-8066-0690B1BB52CC}.Debug|ARM.ActiveCfg = Debug|Any CPU
		{4F1B8CD7-5D68-4629-8066-0690B1BB52CC}.Debug|ARM.Build.0 = Debug|Any CPU
		{4F1B8CD7-5D68-4629-8066-0690B1BB52CC}.Debug|x64.ActiveCfg = Debug|x64
		{4F1B8CD7-5D68-4629-8066-0690B1BB52CC}.Debug|x64.Build.0 = Debug|x64
		{4F1B8CD7-5D68-4629-8066-0690B1BB52CC}.Debug|x86.ActiveCfg = Debug|x86
		{4F1B8CD7-5D68-4629-8066-0690B1BB52CC}.Debug|x86.Build.0 = Debug|x86
		{4F1B8CD7-5D68-4629-8066-0690B1BB52CC}.PerformanceTesting|Any CPU.ActiveCfg = PerformanceTesting|Any CPU
		{4F1B8CD7-5D68-4629-8066-0690B1BB52CC}.PerformanceTesting|Any CPU.Build.0 = PerformanceTesting|Any CPU
		{4F1B8CD7-5D68-4629-8066-0690B1BB52CC}.PerformanceTesting|ARM.ActiveCfg = PerformanceTesting|Any CPU
		{4F1B8CD7-5D68-4629-8066-0690B1BB52CC}.PerformanceTesting|ARM.Build.0 = PerformanceTesting|Any CPU
		{4F1B8CD7-5D68-4629-8066-0690B1BB52CC}.PerformanceTesting|x64.ActiveCfg = PerformanceTesting|x64
		{4F1B8CD7-5D68-4629-8066-0690B1BB52CC}.PerformanceTesting|x86.ActiveCfg = PerformanceTesting|x86
		{4F1B8CD7-5D68-4629-8066-0690B1BB52CC}.PerformanceTesting|x86.Build.0 = PerformanceTesting|x86
		{4F1B8CD7-5D68-4629-8066-0690B1BB52CC}.Release|Any CPU.ActiveCfg = Release|Any CPU
		{4F1B8CD7-5D68-4629-8066-0690B1BB52CC}.Release|ARM.ActiveCfg = Release|Any CPU
		{4F1B8CD7-5D68-4629-8066-0690B1BB52CC}.Release|x64.ActiveCfg = Release|Any CPU
		{4F1B8CD7-5D68-4629-8066-0690B1BB52CC}.Release|x86.ActiveCfg = Release|Any CPU
		{214BC44D-F8F0-4D90-A834-A443CE72DA53}.Debug|Any CPU.ActiveCfg = Debug|Any CPU
		{214BC44D-F8F0-4D90-A834-A443CE72DA53}.Debug|Any CPU.Build.0 = Debug|Any CPU
		{214BC44D-F8F0-4D90-A834-A443CE72DA53}.Debug|ARM.ActiveCfg = Debug|Any CPU
		{214BC44D-F8F0-4D90-A834-A443CE72DA53}.Debug|ARM.Build.0 = Debug|Any CPU
		{214BC44D-F8F0-4D90-A834-A443CE72DA53}.Debug|x64.ActiveCfg = Debug|x64
		{214BC44D-F8F0-4D90-A834-A443CE72DA53}.Debug|x64.Build.0 = Debug|x64
		{214BC44D-F8F0-4D90-A834-A443CE72DA53}.Debug|x86.ActiveCfg = Debug|x86
		{214BC44D-F8F0-4D90-A834-A443CE72DA53}.Debug|x86.Build.0 = Debug|x86
		{214BC44D-F8F0-4D90-A834-A443CE72DA53}.PerformanceTesting|Any CPU.ActiveCfg = PerformanceTesting|Any CPU
		{214BC44D-F8F0-4D90-A834-A443CE72DA53}.PerformanceTesting|Any CPU.Build.0 = PerformanceTesting|Any CPU
		{214BC44D-F8F0-4D90-A834-A443CE72DA53}.PerformanceTesting|ARM.ActiveCfg = PerformanceTesting|Any CPU
		{214BC44D-F8F0-4D90-A834-A443CE72DA53}.PerformanceTesting|ARM.Build.0 = PerformanceTesting|Any CPU
		{214BC44D-F8F0-4D90-A834-A443CE72DA53}.PerformanceTesting|x64.ActiveCfg = PerformanceTesting|x64
		{214BC44D-F8F0-4D90-A834-A443CE72DA53}.PerformanceTesting|x86.ActiveCfg = PerformanceTesting|x86
		{214BC44D-F8F0-4D90-A834-A443CE72DA53}.PerformanceTesting|x86.Build.0 = PerformanceTesting|x86
		{214BC44D-F8F0-4D90-A834-A443CE72DA53}.Release|Any CPU.ActiveCfg = Release|Any CPU
		{214BC44D-F8F0-4D90-A834-A443CE72DA53}.Release|Any CPU.Build.0 = Release|Any CPU
		{214BC44D-F8F0-4D90-A834-A443CE72DA53}.Release|ARM.ActiveCfg = Release|Any CPU
		{214BC44D-F8F0-4D90-A834-A443CE72DA53}.Release|ARM.Build.0 = Release|Any CPU
		{214BC44D-F8F0-4D90-A834-A443CE72DA53}.Release|x64.ActiveCfg = Release|Any CPU
		{214BC44D-F8F0-4D90-A834-A443CE72DA53}.Release|x64.Build.0 = Release|Any CPU
		{214BC44D-F8F0-4D90-A834-A443CE72DA53}.Release|x86.ActiveCfg = Release|Any CPU
		{214BC44D-F8F0-4D90-A834-A443CE72DA53}.Release|x86.Build.0 = Release|Any CPU
		{E508F781-EEAC-4D1D-AAB6-07432C5ECF9A}.Debug|Any CPU.ActiveCfg = Debug|Any CPU
		{E508F781-EEAC-4D1D-AAB6-07432C5ECF9A}.Debug|Any CPU.Build.0 = Debug|Any CPU
		{E508F781-EEAC-4D1D-AAB6-07432C5ECF9A}.Debug|ARM.ActiveCfg = Debug|Any CPU
		{E508F781-EEAC-4D1D-AAB6-07432C5ECF9A}.Debug|ARM.Build.0 = Debug|Any CPU
		{E508F781-EEAC-4D1D-AAB6-07432C5ECF9A}.Debug|x64.ActiveCfg = Debug|Any CPU
		{E508F781-EEAC-4D1D-AAB6-07432C5ECF9A}.Debug|x64.Build.0 = Debug|Any CPU
		{E508F781-EEAC-4D1D-AAB6-07432C5ECF9A}.Debug|x86.ActiveCfg = Debug|Any CPU
		{E508F781-EEAC-4D1D-AAB6-07432C5ECF9A}.Debug|x86.Build.0 = Debug|Any CPU
		{E508F781-EEAC-4D1D-AAB6-07432C5ECF9A}.PerformanceTesting|Any CPU.ActiveCfg = PerformanceTesting|Any CPU
		{E508F781-EEAC-4D1D-AAB6-07432C5ECF9A}.PerformanceTesting|Any CPU.Build.0 = PerformanceTesting|Any CPU
		{E508F781-EEAC-4D1D-AAB6-07432C5ECF9A}.PerformanceTesting|ARM.ActiveCfg = PerformanceTesting|Any CPU
		{E508F781-EEAC-4D1D-AAB6-07432C5ECF9A}.PerformanceTesting|ARM.Build.0 = PerformanceTesting|Any CPU
		{E508F781-EEAC-4D1D-AAB6-07432C5ECF9A}.PerformanceTesting|x64.ActiveCfg = Debug|Any CPU
		{E508F781-EEAC-4D1D-AAB6-07432C5ECF9A}.PerformanceTesting|x64.Build.0 = Debug|Any CPU
		{E508F781-EEAC-4D1D-AAB6-07432C5ECF9A}.PerformanceTesting|x86.ActiveCfg = PerformanceTesting|Any CPU
		{E508F781-EEAC-4D1D-AAB6-07432C5ECF9A}.PerformanceTesting|x86.Build.0 = PerformanceTesting|Any CPU
		{E508F781-EEAC-4D1D-AAB6-07432C5ECF9A}.Release|Any CPU.ActiveCfg = Release|Any CPU
		{E508F781-EEAC-4D1D-AAB6-07432C5ECF9A}.Release|Any CPU.Build.0 = Release|Any CPU
		{E508F781-EEAC-4D1D-AAB6-07432C5ECF9A}.Release|ARM.ActiveCfg = Release|Any CPU
		{E508F781-EEAC-4D1D-AAB6-07432C5ECF9A}.Release|ARM.Build.0 = Release|Any CPU
		{E508F781-EEAC-4D1D-AAB6-07432C5ECF9A}.Release|x64.ActiveCfg = Release|Any CPU
		{E508F781-EEAC-4D1D-AAB6-07432C5ECF9A}.Release|x64.Build.0 = Release|Any CPU
		{E508F781-EEAC-4D1D-AAB6-07432C5ECF9A}.Release|x86.ActiveCfg = Release|Any CPU
		{E508F781-EEAC-4D1D-AAB6-07432C5ECF9A}.Release|x86.Build.0 = Release|Any CPU
		{6336FA4B-1E6C-42B7-93FD-7606D91A59B4}.Debug|Any CPU.ActiveCfg = Debug|Any CPU
		{6336FA4B-1E6C-42B7-93FD-7606D91A59B4}.Debug|Any CPU.Build.0 = Debug|Any CPU
		{6336FA4B-1E6C-42B7-93FD-7606D91A59B4}.Debug|ARM.ActiveCfg = Debug|Any CPU
		{6336FA4B-1E6C-42B7-93FD-7606D91A59B4}.Debug|ARM.Build.0 = Debug|Any CPU
		{6336FA4B-1E6C-42B7-93FD-7606D91A59B4}.Debug|x64.ActiveCfg = Debug|Any CPU
		{6336FA4B-1E6C-42B7-93FD-7606D91A59B4}.Debug|x64.Build.0 = Debug|Any CPU
		{6336FA4B-1E6C-42B7-93FD-7606D91A59B4}.Debug|x86.ActiveCfg = Debug|Any CPU
		{6336FA4B-1E6C-42B7-93FD-7606D91A59B4}.Debug|x86.Build.0 = Debug|Any CPU
		{6336FA4B-1E6C-42B7-93FD-7606D91A59B4}.PerformanceTesting|Any CPU.ActiveCfg = Debug|Any CPU
		{6336FA4B-1E6C-42B7-93FD-7606D91A59B4}.PerformanceTesting|Any CPU.Build.0 = Debug|Any CPU
		{6336FA4B-1E6C-42B7-93FD-7606D91A59B4}.PerformanceTesting|ARM.ActiveCfg = Debug|Any CPU
		{6336FA4B-1E6C-42B7-93FD-7606D91A59B4}.PerformanceTesting|ARM.Build.0 = Debug|Any CPU
		{6336FA4B-1E6C-42B7-93FD-7606D91A59B4}.PerformanceTesting|x64.ActiveCfg = Debug|Any CPU
		{6336FA4B-1E6C-42B7-93FD-7606D91A59B4}.PerformanceTesting|x64.Build.0 = Debug|Any CPU
		{6336FA4B-1E6C-42B7-93FD-7606D91A59B4}.PerformanceTesting|x86.ActiveCfg = Debug|Any CPU
		{6336FA4B-1E6C-42B7-93FD-7606D91A59B4}.PerformanceTesting|x86.Build.0 = Debug|Any CPU
		{6336FA4B-1E6C-42B7-93FD-7606D91A59B4}.Release|Any CPU.ActiveCfg = Release|Any CPU
		{6336FA4B-1E6C-42B7-93FD-7606D91A59B4}.Release|Any CPU.Build.0 = Release|Any CPU
		{6336FA4B-1E6C-42B7-93FD-7606D91A59B4}.Release|ARM.ActiveCfg = Release|Any CPU
		{6336FA4B-1E6C-42B7-93FD-7606D91A59B4}.Release|ARM.Build.0 = Release|Any CPU
		{6336FA4B-1E6C-42B7-93FD-7606D91A59B4}.Release|x64.ActiveCfg = Release|Any CPU
		{6336FA4B-1E6C-42B7-93FD-7606D91A59B4}.Release|x64.Build.0 = Release|Any CPU
		{6336FA4B-1E6C-42B7-93FD-7606D91A59B4}.Release|x86.ActiveCfg = Release|Any CPU
		{6336FA4B-1E6C-42B7-93FD-7606D91A59B4}.Release|x86.Build.0 = Release|Any CPU
	EndGlobalSection
	GlobalSection(SolutionProperties) = preSolution
		HideSolutionNode = FALSE
	EndGlobalSection
	GlobalSection(ExtensibilityGlobals) = postSolution
		SolutionGuid = {77349026-3903-4DC0-82C2-D4815043F526}
	EndGlobalSection
EndGlobal
